<?xml version="1.0" encoding="utf-8"?>
<Project ToolsVersion="4.0" xmlns="http://schemas.microsoft.com/developer/msbuild/2003">
  <ItemGroup>
    <Filter Include="Header Files">
      <UniqueIdentifier>{93995380-89BD-4b04-88EB-625FBE52EBFB}</UniqueIdentifier>
      <Extensions>h;hpp;hxx;hm;inl;inc;xsd</Extensions>
    </Filter>
    <Filter Include="Resource Files">
      <UniqueIdentifier>{67DA6AB6-F800-4c08-8B7A-83BB121AAD01}</UniqueIdentifier>
      <Extensions>rc;ico;cur;bmp;dlg;rc2;rct;bin;rgs;gif;jpg;jpeg;jpe;resx;tiff;tif;png;wav</Extensions>
    </Filter>
    <Filter Include="includeCN">
      <UniqueIdentifier>{94c210b8-4f6a-4e8f-80e5-d2afa9d3dfa8}</UniqueIdentifier>
    </Filter>
    <Filter Include="includeEN">
      <UniqueIdentifier>{7840b6e2-2ad3-41a3-89d4-5e7f920a98fd}</UniqueIdentifier>
    </Filter>
    <Filter Include="Public">
      <UniqueIdentifier>{c86c1637-54f2-4232-b44b-1cc365a2f57b}</UniqueIdentifier>
    </Filter>
    <Filter Include="Public\TinyXML">
      <UniqueIdentifier>{35ab4b7d-c5b8-4b07-a77d-12fd9157191e}</UniqueIdentifier>
    </Filter>
    <Filter Include="Public\Convert">
      <UniqueIdentifier>{9900be7d-1165-4012-85b7-6965289ed33d}</UniqueIdentifier>
    </Filter>
    <Filter Include="Source Files">
      <UniqueIdentifier>{4FC737F1-C7A5-4376-A066-2A32D752A2FF}</UniqueIdentifier>
      <Extensions>cpp;c;cc;cxx;def;odl;idl;hpj;bat;asm;asmx</Extensions>
    </Filter>
    <Filter Include="Public\CJson">
      <UniqueIdentifier>{5ec3de07-f04b-4719-b199-50c2b78c780b}</UniqueIdentifier>
    </Filter>
  </ItemGroup>
  <ItemGroup>
    <ClInclude Include="DlgAlarmChanList.h">
      <Filter>Header Files</Filter>
    </ClInclude>
    <ClInclude Include="DlgAlarmTime.h">
      <Filter>Header Files</Filter>
    </ClInclude>
    <ClInclude Include="DlgAudioTalk.h">
      <Filter>Header Files</Filter>
    </ClInclude>
    <ClInclude Include="DlgChanInfo.h">
      <Filter>Header Files</Filter>
    </ClInclude>
    <ClInclude Include="DlgCommonCfg.h">
      <Filter>Header Files</Filter>
    </ClInclude>
    <ClInclude Include="DlgCyclePlayBack.h">
      <Filter>Header Files</Filter>
    </ClInclude>
    <ClInclude Include="DlgFlowInfo.h">
      <Filter>Header Files</Filter>
    </ClInclude>
    <ClInclude Include="DlgListen.h">
      <Filter>Header Files</Filter>
    </ClInclude>
    <ClInclude Include="DlgLocalCfg.h">
      <Filter>Header Files</Filter>
    </ClInclude>
    <ClInclude Include="DlgOutput.h">
      <Filter>Header Files</Filter>
    </ClInclude>
    <ClInclude Include="DlgOutputCtrl.h">
      <Filter>Header Files</Filter>
    </ClInclude>
    <ClInclude Include="DlgPassthroughProxy.h">
      <Filter>Header Files</Filter>
    </ClInclude>
    <ClInclude Include="DlgPicFile.h">
      <Filter>Header Files</Filter>
    </ClInclude>
    <ClInclude Include="DlgPlayBack.h">
      <Filter>Header Files</Filter>
    </ClInclude>
    <ClInclude Include="DlgPtRack.h">
      <Filter>Header Files</Filter>
    </ClInclude>
    <ClInclude Include="DlgPzIn.h">
      <Filter>Header Files</Filter>
    </ClInclude>
    <ClInclude Include="DlgRecordFile.h">
      <Filter>Header Files</Filter>
    </ClInclude>
    <ClInclude Include="DlgSubPicCfg.h">
      <Filter>Header Files</Filter>
    </ClInclude>
    <ClInclude Include="DlgXMLConfig.h">
      <Filter>Header Files</Filter>
    </ClInclude>
    <ClInclude Include="EHomeDemo.h">
      <Filter>Header Files</Filter>
    </ClInclude>
    <ClInclude Include="EHomeDemoDlg.h">
      <Filter>Header Files</Filter>
    </ClInclude>
    <ClInclude Include="GlobalDefinition.h">
      <Filter>Header Files</Filter>
    </ClInclude>
    <ClInclude Include="Resource.h">
      <Filter>Header Files</Filter>
    </ClInclude>
    <ClInclude Include="resourceEn.h">
      <Filter>Header Files</Filter>
    </ClInclude>
    <ClInclude Include="SoundIn.h">
      <Filter>Header Files</Filter>
    </ClInclude>
    <ClInclude Include="stdafx.h">
      <Filter>Header Files</Filter>
    </ClInclude>
    <ClInclude Include="SubDlgAlarmCfg.h">
      <Filter>Header Files</Filter>
    </ClInclude>
    <ClInclude Include="SubDlgChanCfg.h">
      <Filter>Header Files</Filter>
    </ClInclude>
    <ClInclude Include="SubDlgDeviceCfg.h">
      <Filter>Header Files</Filter>
    </ClInclude>
    <ClInclude Include="SubDlgNetworkCfg.h">
      <Filter>Header Files</Filter>
    </ClInclude>
    <ClInclude Include="SubDlgXmlCfg.h">
      <Filter>Header Files</Filter>
    </ClInclude>
    <ClInclude Include="targetver.h">
      <Filter>Header Files</Filter>
    </ClInclude>
    <ClInclude Include="WaveSound.h">
      <Filter>Header Files</Filter>
    </ClInclude>
    <ClInclude Include="..\..\incCN\plaympeg4.h">
      <Filter>includeCN</Filter>
    </ClInclude>
    <ClInclude Include="..\..\incEn\plaympeg4.h">
      <Filter>includeEN</Filter>
    </ClInclude>
    <ClInclude Include="Public\TinyXML\tinystr.h">
      <Filter>Public\TinyXML</Filter>
    </ClInclude>
    <ClInclude Include="Public\TinyXML\tinyxml.h">
      <Filter>Public\TinyXML</Filter>
    </ClInclude>
    <ClInclude Include="Public\TinyXML\XmlBase.h">
      <Filter>Public\TinyXML</Filter>
    </ClInclude>
    <ClInclude Include="Public\Convert\Convert.h">
      <Filter>Public\Convert</Filter>
    </ClInclude>
    <ClInclude Include="Public\cjson\cJSON.h">
      <Filter>Public\CJson</Filter>
    </ClInclude>
    <ClInclude Include="DlgVideoIntercomCall.h">
      <Filter>Header Files</Filter>
    </ClInclude>
    <ClInclude Include="DlgStorageServer.h">
      <Filter>Header Files</Filter>
    </ClInclude>
    <ClInclude Include="LogType.h">
      <Filter>Header Files</Filter>
    </ClInclude>
    <ClInclude Include="..\..\incCN\HCISUPAlarm.h">
      <Filter>includeCN</Filter>
    </ClInclude>
    <ClInclude Include="..\..\incCN\HCISUPCMS.h">
      <Filter>includeCN</Filter>
    </ClInclude>
    <ClInclude Include="..\..\incCn\HCISUPIPS.h">
      <Filter>includeCN</Filter>
    </ClInclude>
    <ClInclude Include="..\..\incCn\HCISUPPublic.h">
      <Filter>includeCN</Filter>
    </ClInclude>
    <ClInclude Include="..\..\incCn\HCISUPSS.h">
      <Filter>includeCN</Filter>
    </ClInclude>
    <ClInclude Include="..\..\incCN\HCISUPStream.h">
      <Filter>includeCN</Filter>
    </ClInclude>
    <ClInclude Include="..\..\incEn\HCISUPAlarm.h">
      <Filter>includeEN</Filter>
    </ClInclude>
    <ClInclude Include="..\..\incEn\HCISUPCMS.h">
      <Filter>includeEN</Filter>
    </ClInclude>
    <ClInclude Include="..\..\incEn\HCISUPPublic.h">
      <Filter>includeEN</Filter>
    </ClInclude>
    <ClInclude Include="..\..\incEn\HCISUPSS.h">
      <Filter>includeEN</Filter>
    </ClInclude>
    <ClInclude Include="..\..\incEn\HCISUPStream.h">
      <Filter>includeEN</Filter>
    </ClInclude>
    <ClInclude Include="DlgInfoPublish.h">
      <Filter>Header Files</Filter>
    </ClInclude>
    <ClInclude Include="DlgInfoPubTerCfg.h">
      <Filter>Header Files</Filter>
    </ClInclude>
    <ClInclude Include="..\..\incEn\HCISUPIPS.h">
      <Filter>includeEN</Filter>
    </ClInclude>
    <ClInclude Include="Language.h">
      <Filter>Header Files</Filter>
    </ClInclude>
    <ClInclude Include="DlgWebConfig.h">
      <Filter>Header Files</Filter>
    </ClInclude>
    <ClInclude Include="..\..\incCn\HCNetUtils.h">
      <Filter>includeCN</Filter>
    </ClInclude>
    <ClInclude Include="..\..\incCn\HTTPDefine.h">
      <Filter>includeCN</Filter>
    </ClInclude>
    <ClInclude Include="..\..\incEn\HCNetUtils.h">
      <Filter>includeEN</Filter>
    </ClInclude>
    <ClInclude Include="..\..\incEn\HTTPDefine.h">
      <Filter>includeEN</Filter>
    </ClInclude>
    <ClInclude Include="DlgChannelSelect.h">
      <Filter>Header Files</Filter>
    </ClInclude>
  </ItemGroup>
  <ItemGroup>
    <Image Include="res\Alarm.bmp">
      <Filter>Resource Files</Filter>
    </Image>
    <Image Include="res\audio.bmp">
      <Filter>Resource Files</Filter>
    </Image>
    <Image Include="res\bitmap_p.bmp">
      <Filter>Resource Files</Filter>
    </Image>
    <Image Include="res\camera.bmp">
      <Filter>Resource Files</Filter>
    </Image>
    <Image Include="res\dev_alarm.bmp">
      <Filter>Resource Files</Filter>
    </Image>
    <Image Include="res\EHomeDemo.ico">
      <Filter>Resource Files</Filter>
    </Image>
    <Image Include="res\fortify.bmp">
      <Filter>Resource Files</Filter>
    </Image>
    <Image Include="res\fortify_alarm.bmp">
      <Filter>Resource Files</Filter>
    </Image>
    <Image Include="res\IPChan.bmp">
      <Filter>Resource Files</Filter>
    </Image>
    <Image Include="res\login.bmp">
      <Filter>Resource Files</Filter>
    </Image>
    <Image Include="res\logout.bmp">
      <Filter>Resource Files</Filter>
    </Image>
    <Image Include="res\p_r_a.bmp">
      <Filter>Resource Files</Filter>
    </Image>
    <Image Include="res\play.bmp">
      <Filter>Resource Files</Filter>
    </Image>
    <Image Include="res\play_alarm.bmp">
      <Filter>Resource Files</Filter>
    </Image>
    <Image Include="res\playAndAlarm.bmp">
      <Filter>Resource Files</Filter>
    </Image>
    <Image Include="res\rec.bmp">
      <Filter>Resource Files</Filter>
    </Image>
    <Image Include="res\rec_play.bmp">
      <Filter>Resource Files</Filter>
    </Image>
    <Image Include="res\tree.bmp">
      <Filter>Resource Files</Filter>
    </Image>
  </ItemGroup>
  <ItemGroup>
    <ResourceCompile Include="ISUPDemo.rc">
      <Filter>Resource Files</Filter>
    </ResourceCompile>
    <ResourceCompile Include="ISUPDemoEn.rc">
      <Filter>Resource Files</Filter>
    </ResourceCompile>
  </ItemGroup>
  <ItemGroup>
    <ClCompile Include="Public\TinyXML\tinystr.cpp">
      <Filter>Public\TinyXML</Filter>
    </ClCompile>
    <ClCompile Include="Public\TinyXML\tinyxml.cpp">
      <Filter>Public\TinyXML</Filter>
    </ClCompile>
    <ClCompile Include="Public\TinyXML\tinyxmlerror.cpp">
      <Filter>Public\TinyXML</Filter>
    </ClCompile>
    <ClCompile Include="Public\TinyXML\tinyxmlparser.cpp">
      <Filter>Public\TinyXML</Filter>
    </ClCompile>
    <ClCompile Include="Public\TinyXML\XmlBase.cpp">
      <Filter>Public\TinyXML</Filter>
    </ClCompile>
    <ClCompile Include="Public\Convert\Convert.cpp">
      <Filter>Public\Convert</Filter>
    </ClCompile>
    <ClCompile Include="DlgAlarmChanList.cpp">
      <Filter>Source Files</Filter>
    </ClCompile>
    <ClCompile Include="DlgAlarmTime.cpp">
      <Filter>Source Files</Filter>
    </ClCompile>
    <ClCompile Include="DlgAudioTalk.cpp">
      <Filter>Source Files</Filter>
    </ClCompile>
    <ClCompile Include="DlgChanInfo.cpp">
      <Filter>Source Files</Filter>
    </ClCompile>
    <ClCompile Include="DlgCommonCfg.cpp">
      <Filter>Source Files</Filter>
    </ClCompile>
    <ClCompile Include="DlgCyclePlayBack.cpp">
      <Filter>Source Files</Filter>
    </ClCompile>
    <ClCompile Include="DlgFlowInfo.cpp">
      <Filter>Source Files</Filter>
    </ClCompile>
    <ClCompile Include="DlgListen.cpp">
      <Filter>Source Files</Filter>
    </ClCompile>
    <ClCompile Include="DlgLocalCfg.cpp">
      <Filter>Source Files</Filter>
    </ClCompile>
    <ClCompile Include="DlgOutput.cpp">
      <Filter>Source Files</Filter>
    </ClCompile>
    <ClCompile Include="DlgOutputCtrl.cpp">
      <Filter>Source Files</Filter>
    </ClCompile>
    <ClCompile Include="DlgPassthroughProxy.cpp">
      <Filter>Source Files</Filter>
    </ClCompile>
    <ClCompile Include="DlgPicFile.cpp">
      <Filter>Source Files</Filter>
    </ClCompile>
    <ClCompile Include="DlgPlayBack.cpp">
      <Filter>Source Files</Filter>
    </ClCompile>
    <ClCompile Include="DlgRecordFile.cpp">
      <Filter>Source Files</Filter>
    </ClCompile>
    <ClCompile Include="DlgSubPicCfg.cpp">
      <Filter>Source Files</Filter>
    </ClCompile>
    <ClCompile Include="EHomeDemo.cpp">
      <Filter>Source Files</Filter>
    </ClCompile>
    <ClCompile Include="EHomeDemoDlg.cpp">
      <Filter>Source Files</Filter>
    </ClCompile>
    <ClCompile Include="SoundIn.cpp">
      <Filter>Source Files</Filter>
    </ClCompile>
    <ClCompile Include="stdafx.cpp">
      <Filter>Source Files</Filter>
    </ClCompile>
    <ClCompile Include="SubDlgAlarmCfg.cpp">
      <Filter>Source Files</Filter>
    </ClCompile>
    <ClCompile Include="SubDlgChanCfg.cpp">
      <Filter>Source Files</Filter>
    </ClCompile>
    <ClCompile Include="SubDlgDeviceCfg.cpp">
      <Filter>Source Files</Filter>
    </ClCompile>
    <ClCompile Include="SubDlgNetworkCfg.cpp">
      <Filter>Source Files</Filter>
    </ClCompile>
    <ClCompile Include="SubDlgXmlCfg.cpp">
      <Filter>Source Files</Filter>
    </ClCompile>
    <ClCompile Include="WaveSound.cpp">
      <Filter>Source Files</Filter>
    </ClCompile>
    <ClCompile Include="Public\cjson\cjson.cpp">
      <Filter>Public\CJson</Filter>
    </ClCompile>
    <ClCompile Include="AudioTalkCom.cpp">
      <Filter>Source Files</Filter>
    </ClCompile>
    <ClCompile Include="DlgAlarmHostLog.cpp">
      <Filter>Source Files</Filter>
    </ClCompile>
    <ClCompile Include="DlgCaptureCfg.cpp">
      <Filter>Source Files</Filter>
    </ClCompile>
    <ClCompile Include="DlgCheckStreamKey.cpp">
      <Filter>Source Files</Filter>
    </ClCompile>
    <ClCompile Include="DlgCmsAlarm.cpp">
      <Filter>Source Files</Filter>
    </ClCompile>
    <ClCompile Include="DlgDevLog.cpp">
      <Filter>Source Files</Filter>
    </ClCompile>
    <ClCompile Include="DlgEhome50Auth.cpp">
      <Filter>Source Files</Filter>
    </ClCompile>
    <ClCompile Include="DlgGpsInfo.cpp">
      <Filter>Source Files</Filter>
    </ClCompile>
    <ClCompile Include="DlgHidArea.cpp">
      <Filter>Source Files</Filter>
    </ClCompile>
    <ClCompile Include="DlgHttpAlarm.cpp">
      <Filter>Source Files</Filter>
    </ClCompile>
    <ClCompile Include="DlgIFrame.cpp">
      <Filter>Source Files</Filter>
    </ClCompile>
    <ClCompile Include="DlgIPSelect.cpp">
      <Filter>Source Files</Filter>
    </ClCompile>
    <ClCompile Include="DlgISAPIConfig.cpp">
      <Filter>Source Files</Filter>
    </ClCompile>
    <ClCompile Include="DlgISAPIPassthrough.cpp">
      <Filter>Source Files</Filter>
    </ClCompile>
    <ClCompile Include="DlgMotionArea.cpp">
      <Filter>Source Files</Filter>
    </ClCompile>
    <ClCompile Include="DlgMotionConfig.cpp">
      <Filter>Source Files</Filter>
    </ClCompile>
    <ClCompile Include="DlgPrivateArea.cpp">
      <Filter>Source Files</Filter>
    </ClCompile>
    <ClCompile Include="DlgRecordCfg.cpp">
      <Filter>Source Files</Filter>
    </ClCompile>
    <ClCompile Include="DlgStreamEncrypt.cpp">
      <Filter>Source Files</Filter>
    </ClCompile>
    <ClCompile Include="DlgUpgrade.cpp">
      <Filter>Source Files</Filter>
    </ClCompile>
    <ClCompile Include="DlgUpgradeHttp.cpp">
      <Filter>Source Files</Filter>
    </ClCompile>
    <ClCompile Include="DlgWirelessInfoPara.cpp">
      <Filter>Source Files</Filter>
    </ClCompile>
    <ClCompile Include="DlgVideoIntercomCall.cpp">
      <Filter>Source Files</Filter>
    </ClCompile>
    <ClCompile Include="DlgStorageServer.cpp">
      <Filter>Source Files</Filter>
    </ClCompile>
    <ClCompile Include="DlgInfoPublish.cpp">
      <Filter>Source Files</Filter>
    </ClCompile>
    <ClCompile Include="DlgInfoPubTerCfg.cpp">
      <Filter>Source Files</Filter>
    </ClCompile>
    <ClCompile Include="DlgWebConfig.cpp">
      <Filter>Source Files</Filter>
    </ClCompile>
    <ClCompile Include="DlgChannelSelect.cpp">
      <Filter>Source Files</Filter>
    </ClCompile>
  </ItemGroup>
  <ItemGroup>
    <Text Include="ReadMe.txt" />
  </ItemGroup>
  <ItemGroup>
    <None Include="res\ISUPDemo.rc2">
      <Filter>Resource Files</Filter>
    </None>
  </ItemGroup>
</Project>